
Microsoft Visual Studio Solution File, Format Version 12.00
# Visual Studio 14
VisualStudioVersion = 14.0.24720.0
MinimumVisualStudioVersion = 10.0.40219.1
Project("{FAE04EC0-301F-11D3-BF4B-00C04F79EFBC}") = "PropertyManager.Api", "PropertyManager.Api\PropertyManager.Api.csproj", "{8ADE390B-5AD5-49B3-8849-B54B516C6B63}"
EndProject
Project("{FAE04EC0-301F-11D3-BF4B-00C04F79EFBC}") = "PropertyManager.Api.Tests", "PropertyManager.Api.Tests\PropertyManager.Api.Tests.csproj", "{590251D8-B6A0-4233-8C8A-8B8FABDF777B}"
EndProject
Project("{E24C65DC-7377-472B-9ABA-BC803B73C61A}") = "PropertyManager.Web", "PropertyManager.Web\", "{AFCA6CA8-748F-4C34-8FAF-9D62821B2AE7}"
	ProjectSection(WebsiteProperties) = preProject
		TargetFrameworkMoniker = ".NETFramework,Version%3Dv4.5.2"
		Debug.AspNetCompiler.VirtualPath = "/localhost_51173"
		Debug.AspNetCompiler.PhysicalPath = "PropertyManager.Web\"
		Debug.AspNetCompiler.TargetPath = "PrecompiledWeb\localhost_51173\"
		Debug.AspNetCompiler.Updateable = "true"
		Debug.AspNetCompiler.ForceOverwrite = "true"
		Debug.AspNetCompiler.FixedNames = "false"
		Debug.AspNetCompiler.Debug = "True"
		Release.AspNetCompiler.VirtualPath = "/localhost_51173"
		Release.AspNetCompiler.PhysicalPath = "PropertyManager.Web\"
		Release.AspNetCompiler.TargetPath = "PrecompiledWeb\localhost_51173\"
		Release.AspNetCompiler.Updateable = "true"
		Release.AspNetCompiler.ForceOverwrite = "true"
		Release.AspNetCompiler.FixedNames = "false"
		Release.AspNetCompiler.Debug = "False"
		VWDPort = "51173"
		SlnRelativePath = "PropertyManager.Web\"
		DefaultWebSiteLanguage = "Visual C#"
	EndProjectSection
EndProject
Global
	GlobalSection(SolutionConfigurationPlatforms) = preSolution
		Debug|Any CPU = Debug|Any CPU
		Release|Any CPU = Release|Any CPU
	EndGlobalSection
	GlobalSection(ProjectConfigurationPlatforms) = postSolution
		{8ADE390B-5AD5-49B3-8849-B54B516C6B63}.Debug|Any CPU.ActiveCfg = Debug|Any CPU
		{8ADE390B-5AD5-49B3-8849-B54B516C6B63}.Debug|Any CPU.Build.0 = Debug|Any CPU
		{8ADE390B-5AD5-49B3-8849-B54B516C6B63}.Release|Any CPU.ActiveCfg = Release|Any CPU
		{8ADE390B-5AD5-49B3-8849-B54B516C6B63}.Release|Any CPU.Build.0 = Release|Any CPU
		{590251D8-B6A0-4233-8C8A-8B8FABDF777B}.Debug|Any CPU.ActiveCfg = Debug|Any CPU
		{590251D8-B6A0-4233-8C8A-8B8FABDF777B}.Debug|Any CPU.Build.0 = Debug|Any CPU
		{590251D8-B6A0-4233-8C8A-8B8FABDF777B}.Release|Any CPU.ActiveCfg = Release|Any CPU
		{590251D8-B6A0-4233-8C8A-8B8FABDF777B}.Release|Any CPU.Build.0 = Release|Any CPU
		{AFCA6CA8-748F-4C34-8FAF-9D62821B2AE7}.Debug|Any CPU.ActiveCfg = Debug|Any CPU
		{AFCA6CA8-748F-4C34-8FAF-9D62821B2AE7}.Debug|Any CPU.Build.0 = Debug|Any CPU
		{AFCA6CA8-748F-4C34-8FAF-9D62821B2AE7}.Release|Any CPU.ActiveCfg = Debug|Any CPU
		{AFCA6CA8-748F-4C34-8FAF-9D62821B2AE7}.Release|Any CPU.Build.0 = Debug|Any CPU
	EndGlobalSection
	GlobalSection(SolutionProperties) = preSolution
		HideSolutionNode = FALSE
	EndGlobalSection
EndGlobal
